{
	"name": "jabuti-lang-lsp-server",
	"version": "0.0.1",
	"lockfileVersion": 3,
	"requires": true,
	"packages": {
		"": {
			"name": "jabuti-lang-lsp-server",
			"version": "0.0.1",
			"license": "MIT",
			"dependencies": {
				"antlr4ts": "^0.5.0-alpha.4",
				"jabuti-ce-transformation-engine": "file:jabuti-ce-transformation-engine-0.0.12.tgz",
				"jabuti-dsl-grammar-antlr": "file:jabuti-dsl-grammar-antlr-0.0.2.tgz",
				"vscode-languageserver": "^7.0.0",
				"vscode-languageserver-textdocument": "^1.0.4"
			},
			"devDependencies": {
				"@types/vscode": "^1.76.0"
			},
			"engines": {
				"node": "*"
			}
		},
		"node_modules/@types/vscode": {
			"version": "1.76.0",
			"resolved": "https://registry.npmjs.org/@types/vscode/-/vscode-1.76.0.tgz",
			"integrity": "sha512-CQcY3+Fe5hNewHnOEAVYj4dd1do/QHliXaknAEYSXx2KEHUzFibDZSKptCon+HPgK55xx20pR+PBJjf0MomnBA==",
			"dev": true,
			"license": "MIT"
		},
		"node_modules/antlr4ts": {
			"version": "0.5.0-alpha.4",
			"resolved": "https://registry.npmjs.org/antlr4ts/-/antlr4ts-0.5.0-alpha.4.tgz",
			"integrity": "sha512-WPQDt1B74OfPv/IMS2ekXAKkTZIHl88uMetg6q3OTqgFxZ/dxDXI0EWLyZid/1Pe6hTftyg5N7gel5wNAGxXyQ==",
			"license": "BSD-3-Clause"
		},
		"node_modules/jabuti-ce-transformation-engine": {
			"version": "0.0.12",
			"resolved": "file:jabuti-ce-transformation-engine-0.0.12.tgz",
			"integrity": "sha512-vKye3Q08WY3Xz7V9/B6SjIiMWAvlQIctl4x1YQNzod2C64UsNbOq0LQG4nEGaYiTapYEZdzxyyxZ/of/xV4DFA==",
			"license": "MIT",
			"dependencies": {
				"antlr4ts": "^0.5.0-alpha.4",
				"jabuti-dsl-grammar-antlr": "file:jabuti-dsl-grammar-antlr-0.0.2.tgz"
			},
			"engines": {
				"node": ">=16.0.0",
				"npm": ">=9.0.0"
			}
		},
		"node_modules/jabuti-dsl-grammar-antlr": {
			"version": "0.0.2",
			"resolved": "file:jabuti-dsl-grammar-antlr-0.0.2.tgz",
			"integrity": "sha512-DhV7z5fLyS8lgEczaTMlHraZkNzSd92My8tEO3s5HjJ7OHM07MeiqH4ulnYmMhZ+B+MXT6R3FuCpmwZXdLFqQA==",
			"license": "MIT",
			"engines": {
				"node": ">=16.0.0",
				"npm": ">=9.0.0"
			}
		},
		"node_modules/vscode-jsonrpc": {
			"version": "6.0.0",
			"resolved": "https://registry.npmjs.org/vscode-jsonrpc/-/vscode-jsonrpc-6.0.0.tgz",
			"integrity": "sha512-wnJA4BnEjOSyFMvjZdpiOwhSq9uDoK8e/kpRJDTaMYzwlkrhG1fwDIZI94CLsLzlCK5cIbMMtFlJlfR57Lavmg==",
			"license": "MIT",
			"engines": {
				"node": ">=8.0.0 || >=10.0.0"
			}
		},
		"node_modules/vscode-languageserver": {
			"version": "7.0.0",
			"resolved": "https://registry.npmjs.org/vscode-languageserver/-/vscode-languageserver-7.0.0.tgz",
			"integrity": "sha512-60HTx5ID+fLRcgdHfmz0LDZAXYEV68fzwG0JWwEPBode9NuMYTIxuYXPg4ngO8i8+Ou0lM7y6GzaYWbiDL0drw==",
			"license": "MIT",
			"dependencies": {
				"vscode-languageserver-protocol": "3.16.0"
			},
			"bin": {
				"installServerIntoExtension": "bin/installServerIntoExtension"
			}
		},
		"node_modules/vscode-languageserver-protocol": {
			"version": "3.16.0",
			"resolved": "https://registry.npmjs.org/vscode-languageserver-protocol/-/vscode-languageserver-protocol-3.16.0.tgz",
			"integrity": "sha512-sdeUoAawceQdgIfTI+sdcwkiK2KU+2cbEYA0agzM2uqaUy2UpnnGHtWTHVEtS0ES4zHU0eMFRGN+oQgDxlD66A==",
			"license": "MIT",
			"dependencies": {
				"vscode-jsonrpc": "6.0.0",
				"vscode-languageserver-types": "3.16.0"
			}
		},
		"node_modules/vscode-languageserver-textdocument": {
			"version": "1.0.4",
			"resolved": "https://registry.npmjs.org/vscode-languageserver-textdocument/-/vscode-languageserver-textdocument-1.0.4.tgz",
			"integrity": "sha512-/xhqXP/2A2RSs+J8JNXpiiNVvvNM0oTosNVmQnunlKvq9o4mupHOBAnnzH0lwIPKazXKvAKsVp1kr+H/K4lgoQ==",
			"license": "MIT"
		},
		"node_modules/vscode-languageserver-types": {
			"version": "3.16.0",
			"resolved": "https://registry.npmjs.org/vscode-languageserver-types/-/vscode-languageserver-types-3.16.0.tgz",
			"integrity": "sha512-k8luDIWJWyenLc5ToFQQMaSrqCHiLwyKPHKPQZ5zz21vM+vIVUSvsRpcbiECH4WR88K2XZqc4ScRcZ7nk/jbeA==",
			"license": "MIT"
		}
	}
}
